@@ -23,10 +23,10 @@
        },	        },
        "certifi": {	        "certifi": {
            "hashes": [	            "hashes": [
                "sha256:47f9c83ef4c0c621eaef743f133f09fa8a74a9b75f037e8624f83bd1b6626cb7",	                "sha256:046832c04d4e752f37383b628bc601a7ea7211496b4638f6514d0e5b9acc4939",
                "sha256:993f830721089fef441cdfeb4b2c8c9df86f0c63239f06bd025a76a7daddb033"	                "sha256:945e3ba63a0b9f577b1395204e13c3a231f9bc0223888be653286534e5873695"
            ],	            ],
            "version": "==2018.11.29"	            "version": "==2019.6.16"
        },	        },
        "chardet": {	        "chardet": {
            "hashes": [	            "hashes": [
@@ -37,18 +37,18 @@
        },	        },
        "cheroot": {	        "cheroot": {
            "hashes": [	            "hashes": [
                "sha256:ba2b9b0f59fcdcd920d51f61c19c4a8d65f8469741e634c04eaf6feca5b76837",	                "sha256:5f1692d8444a988b76c54f795f96689ade3ae8294681f8aa222360326f2c7928",
                "sha256:f1bb443f266898bc516de78a98e601e0681770a2f2310c2335648c4985e35184"	                "sha256:b824f9961eb447809badeb051820a05770354e2f9ae5c355eecc21f22633c217"
            ],	            ],
            "version": "==6.5.2"	            "version": "==6.5.6"
        },	        },
        "cherrypy": {	        "cherrypy": {
            "hashes": [	            "hashes": [
                "sha256:4dd2f59b5af93bd9ca85f1ed0bb8295cd0f5a8ee2b84d476374d4e070aa5c615",	                "sha256:48de31ba3db04c5354a0fcf8acf21a9c5190380013afca746d50237c9ebe70f0",
                "sha256:626e305bca3c5d56a16e5f7d64bc8a4e25d26c41be1779f585fad2608edbc4c8"	                "sha256:641b51570158dd301da5d569085c04fe7f2cc98474d103f8137d8dbe36b2f6e7"
            ],	            ],
            "index": "pypi",	            "index": "pypi",
            "version": "==18.1.0"	            "version": "==18.1.2"
        },	        },
        "coloredlogs": {	        "coloredlogs": {
            "hashes": [	            "hashes": [
@@ -60,10 +60,10 @@
        },	        },
        "humanfriendly": {	        "humanfriendly": {
            "hashes": [	            "hashes": [
                "sha256:1d3a1c157602801c62dfdb321760229df2e0d4f14412a0f41b13ad3f930a936a",	                "sha256:23057b10ad6f782e7bc3a20e3cb6768ab919f619bbdc0dd75691121bbde5591d",
                "sha256:42d0aa829f59c710db20ec42eed24a8b7a27688d477da61b5aebd604d0bb2402"	                "sha256:33ee8ceb63f1db61cce8b5c800c531e1a61023ac5488ccde2ba574a85be00a85"
            ],	            ],
            "version": "==4.17"	            "version": "==4.18"
        },	        },
        "idna": {	        "idna": {
            "hashes": [	            "hashes": [
@@ -74,18 +74,17 @@
        },	        },
        "jaraco.functools": {	        "jaraco.functools": {
            "hashes": [	            "hashes": [
                "sha256:0cc09711acc0c716a2011a6924c60b2092ac07261aa1822e4277a0f0c5bf0548",	                "sha256:35ba944f52b1a7beee8843a5aa6752d1d5b79893eeb7770ea98be6b637bf9345",
                "sha256:bad775f06e58bb8de5563bc2a8bf704168919e6779d6e849b1ca58b443e97f3b"	                "sha256:e9e377644cee5f6f9128b4dab1631fca74981236e95a255f80e4292bcd2b5284"
            ],	            ],
            "version": "==1.20"	            "version": "==2.0"
        },	        },
        "more-itertools": {	        "more-itertools": {
            "hashes": [	            "hashes": [
                "sha256:c187a73da93e7a8acc0001572aebc7e3c69daf7bf6881a2cea10650bd4420092",	                "sha256:409cd48d4db7052af495b09dec721011634af3753ae1ef92d2b32f73a745f832",
                "sha256:c476b5d3a34e12d40130bc2f935028b5f636df8f372dc2c1c01dc19681b2039e",	                "sha256:92b8c4b06dac4f0611c0729b2f2ede52b2e1bac1ab48f089c7ddc12e26bb60c4"
                "sha256:fcbfeaea0be121980e15bc97b3817b5202ca73d0eae185b4550cbfce2a3ebb3d"	
            ],	            ],
            "version": "==4.3.0"	            "version": "==7.2.0"
        },	        },
        "pocketsphinx": {	        "pocketsphinx": {
            "hashes": [	            "hashes": [
@@ -110,10 +109,10 @@
        },	        },
        "portend": {	        "portend": {
            "hashes": [	            "hashes": [
                "sha256:b7ce7d35ea262415297cbfea86226513e77b9ee5f631d3baa11992d663963719",	                "sha256:19dc27bfb3c72471bd30a235a4d5fbefef8a7e31cab367744b5d87a205e7bfd9",
                "sha256:f5c99a1aa1655733736bb0283fee6a1e115e18db500332bec8e24c43f320d8e8"	                "sha256:d2dca12e585ce29fc357b31ce424a27c16e2d485029252bbf8ddcc9696207976"
            ],	            ],
            "version": "==2.3"	            "version": "==2.5"
        },	        },
        "pyaudio": {	        "pyaudio": {
            "hashes": [	            "hashes": [
@@ -132,42 +131,45 @@
        },	        },
        "python-vlc": {	        "python-vlc": {
            "hashes": [	            "hashes": [
                "sha256:b6cb026dcd65a367b95a37d37eb461e7ae9be261617884679e3e7cadae891068"	                "sha256:821bca0dbe08fbff97a65e56ff2318ad7d499330876579c39f01f3fb38c7b679",
                "sha256:f62987571cf3d58adfc5b2c0adab679f96dcce76e8096d14cc56abd4c3d3527b"
            ],	            ],
            "index": "pypi",	            "index": "pypi",
            "version": "==3.0.4106"	            "version": "==3.0.7110"
        },	        },
        "pytz": {	        "pytz": {
            "hashes": [	            "hashes": [
                "sha256:31cb35c89bd7d333cd32c5f278fca91b523b0834369e757f4c5641ea252236ca",	                "sha256:26c0b32e437e54a18161324a2fca3c4b9846b74a8dccddd843113109e1116b32",
                "sha256:8e0f8568c118d3077b46be7d654cc8167fa916092e28320cde048e54bfc9f1e6"	                "sha256:c894d57500a4cd2d5c71114aaab77dbab5eabd9022308ce5ac9bb93a60a6f0c7"
            ],	            ],
            "version": "==2018.7"	            "version": "==2019.2"
        },	        },
        "pyyaml": {	        "pyyaml": {
            "hashes": [	            "hashes": [
                "sha256:3d7da3009c0f3e783b2c873687652d83b1bbfd5c88e9813fb7e5b03c0dd3108b",	                "sha256:0113bc0ec2ad727182326b61326afa3d1d8280ae1122493553fd6f4397f33df9",
                "sha256:3ef3092145e9b70e3ddd2c7ad59bdd0252a94dfe3949721633e41344de00a6bf",	                "sha256:01adf0b6c6f61bd11af6e10ca52b7d4057dd0be0343eb9283c878cf3af56aee4",
                "sha256:40c71b8e076d0550b2e6380bada1f1cd1017b882f7e16f09a65be98e017f211a",	                "sha256:5124373960b0b3f4aa7df1707e63e9f109b5263eca5976c66e08b1c552d4eaf8",
                "sha256:558dd60b890ba8fd982e05941927a3911dc409a63dcb8b634feaa0cda69330d3",	                "sha256:5ca4f10adbddae56d824b2c09668e91219bb178a1eee1faa56af6f99f11bf696",
                "sha256:a7c28b45d9f99102fa092bb213aa12e0aaf9a6a1f5e395d36166639c1f96c3a1",	                "sha256:7907be34ffa3c5a32b60b95f4d95ea25361c951383a894fec31be7252b2b6f34",
                "sha256:aa7dd4a6a427aed7df6fb7f08a580d68d9b118d90310374716ae90b710280af1",	                "sha256:7ec9b2a4ed5cad025c2278a1e6a19c011c80a3caaac804fd2d329e9cc2c287c9",
                "sha256:bc558586e6045763782014934bfaf39d48b8ae85a2713117d16c39864085c613",	                "sha256:87ae4c829bb25b9fe99cf71fbb2140c448f534e24c998cc60f39ae4f94396a73",
                "sha256:d46d7982b62e0729ad0175a9bc7e10a566fc07b224d2c79fafb5e032727eaa04",	                "sha256:9de9919becc9cc2ff03637872a440195ac4241c80536632fffeb6a1e25a74299",
                "sha256:d5eef459e30b09f5a098b9cea68bebfeb268697f78d647bd255a085371ac7f3f",	                "sha256:a5a85b10e450c66b49f98846937e8cfca1db3127a9d5d1e31ca45c3d0bef4c5b",
                "sha256:e01d3203230e1786cd91ccfdc8f8454c8069c91bee3962ad93b87a4b2860f537",	                "sha256:b0997827b4f6a7c286c01c5f60384d218dca4ed7d9efa945c3e1aa623d5709ae",
                "sha256:e170a9e6fcfd19021dd29845af83bb79236068bf5fd4df3327c1be18182b2531"	                "sha256:b631ef96d3222e62861443cc89d6563ba3eeb816eeb96b2629345ab795e53681",
                "sha256:bf47c0607522fdbca6c9e817a6e81b08491de50f3766a7a0e6a5be7905961b41",
                "sha256:f81025eddd0327c7d4cfe9b62cf33190e1e736cc6e97502b3ec425f574b3e7a8"
            ],	            ],
            "index": "pypi",	            "index": "pypi",
            "version": "==3.13"	            "version": "==5.1.2"
        },	        },
        "requests": {	        "requests": {
            "hashes": [	            "hashes": [
                "sha256:502a824f31acdacb3a35b6690b5fbf0bc41d63a24a45c4004352b0242707598e",	                "sha256:11e007a8a2aa0323f5a921e9e6a2d7e4e67d9877e85773fba9ba6419025cbeb4",
                "sha256:7bf2a778576d825600030a110f3c0e3e8edc51dfaafe1c146e39a2027784957b"	                "sha256:9cf5292fcd0f598c671cfc1e0d7d1a7f13bb8085e9a590f48c010551dc6c4b31"
            ],	            ],
            "index": "pypi",	            "index": "pypi",
            "version": "==2.21.0"	            "version": "==2.22.0"
        },	        },
        "six": {	        "six": {
            "hashes": [	            "hashes": [
@@ -178,17 +180,17 @@
        },	        },
        "tempora": {	        "tempora": {
            "hashes": [	            "hashes": [
                "sha256:4951da790bd369f718dbe2287adbdc289dc2575a09278e77fad6131bcfe93097",	                "sha256:cb60b1d2b1664104e307f8e5269d7f4acdb077c82e35cd57246ae14a3427d2d6",
                "sha256:f8abbbd486eca3340bd3d242417b203c861d4e113ef778cd5fb9535b2b32ae54"	                "sha256:d28a03d2f64ee81aec6e6bff374127ef306fe00c1b7e27c7ff1618344221a699"
            ],	            ],
            "version": "==1.14"	            "version": "==1.14.1"
        },	        },
        "urllib3": {	        "urllib3": {
            "hashes": [	            "hashes": [
                "sha256:61bf29cada3fc2fbefad4fdf059ea4bd1b4a86d2b6d15e1c7c0b582b9752fe39",	                "sha256:b246607a25ac80bedac05c6f282e3cdaf3afb65420fd024ac94435cabe6e18d1",
                "sha256:de9529817c93f27c8ccbfead6985011db27bd0ddfcdb2d86f3f663385c6a9c22"	                "sha256:dbe59173209418ae49d485b87d1681aefa36252ee85884c31346debd19463232"
            ],	            ],
            "version": "==1.24.1"	            "version": "==1.25.3"
        },	        },
        "webrtcvad": {	        "webrtcvad": {
            "hashes": [	            "hashes": [
@@ -199,18 +201,19 @@
        },	        },
        "zc.lockfile": {	        "zc.lockfile": {
            "hashes": [	            "hashes": [
                "sha256:95a8e3846937ab2991b61703d6e0251d5abb9604e18412e2714e1b90db173253"	                "sha256:307ad78227e48be260e64896ec8886edc7eae22d8ec53e4d528ab5537a83203b",
                "sha256:cc33599b549f0c8a248cb72f3bf32d77712de1ff7ee8814312eb6456b42c015f"
            ],	            ],
            "version": "==1.4"	            "version": "==2.0"
        }	        }
    },	    },
    "develop": {	    "develop": {
        "astroid": {	        "astroid": {
            "hashes": [	            "hashes": [
                "sha256:35b032003d6a863f5dcd7ec11abd5cd5893428beaa31ab164982403bcb311f22",	                "sha256:6560e1e1749f68c64a4b5dee4e091fce798d2f0d84ebe638cf0e0585a343acf4",
                "sha256:6a5d668d7dc69110de01cdf7aeec69a679ef486862a0850cc0fd5571505b6b7e"	                "sha256:b65db1bbaac9f9f4d190199bb8680af6f6f84fd3769a5ea883df8a91fe68b4c4"
            ],	            ],
            "version": "==2.1.0"	            "version": "==2.2.5"
        },	        },
        "chip-io": {	        "chip-io": {
            "git": "https://github.com/xtacocorex/CHIP_IO.git",	            "git": "https://github.com/xtacocorex/CHIP_IO.git",
@@ -225,45 +228,33 @@
        },	        },
        "isort": {	        "isort": {
            "hashes": [	            "hashes": [
                "sha256:1153601da39a25b14ddc54955dbbacbb6b2d19135386699e2ad58517953b34af",	                "sha256:54da7e92468955c4fceacd0c86bd0ec997b0e1ee80d97f67c35a78b719dccab1",
                "sha256:b9c40e9750f3d77e6e4d441d8b0266cf555e7cdabdcff33c4fd06366ca761ef8",	                "sha256:6e811fcb295968434526407adb8796944f1988c5b65e8139058f2014cbe100fd"
                "sha256:ec9ef8f4a9bc6f71eec99e1806bfa2de401650d996c59330782b89a5555c1497"	
            ],	            ],
            "version": "==4.3.4"	            "version": "==4.3.21"
        },	        },
        "lazy-object-proxy": {	        "lazy-object-proxy": {
            "hashes": [	            "hashes": [
                "sha256:0ce34342b419bd8f018e6666bfef729aec3edf62345a53b537a4dcc115746a33",	                "sha256:159a745e61422217881c4de71f9eafd9d703b93af95618635849fe469a283661",
                "sha256:1b668120716eb7ee21d8a38815e5eb3bb8211117d9a90b0f8e21722c0758cc39",	                "sha256:23f63c0821cc96a23332e45dfaa83266feff8adc72b9bcaef86c202af765244f",
                "sha256:209615b0fe4624d79e50220ce3310ca1a9445fd8e6d3572a896e7f9146bbf019",	                "sha256:3b11be575475db2e8a6e11215f5aa95b9ec14de658628776e10d96fa0b4dac13",
                "sha256:27bf62cb2b1a2068d443ff7097ee33393f8483b570b475db8ebf7e1cba64f088",	                "sha256:3f447aff8bc61ca8b42b73304f6a44fa0d915487de144652816f950a3f1ab821",
                "sha256:27ea6fd1c02dcc78172a82fc37fcc0992a94e4cecf53cb6d73f11749825bd98b",	                "sha256:4ba73f6089cd9b9478bc0a4fa807b47dbdb8fad1d8f31a0f0a5dbf26a4527a71",
                "sha256:2c1b21b44ac9beb0fc848d3993924147ba45c4ebc24be19825e57aabbe74a99e",	                "sha256:4f53eadd9932055eac465bd3ca1bd610e4d7141e1278012bd1f28646aebc1d0e",
                "sha256:2df72ab12046a3496a92476020a1a0abf78b2a7db9ff4dc2036b8dd980203ae6",	                "sha256:64483bd7154580158ea90de5b8e5e6fc29a16a9b4db24f10193f0c1ae3f9d1ea",
                "sha256:320ffd3de9699d3892048baee45ebfbbf9388a7d65d832d7e580243ade426d2b",	                "sha256:6f72d42b0d04bfee2397aa1862262654b56922c20a9bb66bb76b6f0e5e4f9229",
                "sha256:50e3b9a464d5d08cc5227413db0d1c4707b6172e4d4d915c1c70e4de0bbff1f5",	                "sha256:7c7f1ec07b227bdc561299fa2328e85000f90179a2f44ea30579d38e037cb3d4",
                "sha256:5276db7ff62bb7b52f77f1f51ed58850e315154249aceb42e7f4c611f0f847ff",	                "sha256:7c8b1ba1e15c10b13cad4171cfa77f5bb5ec2580abc5a353907780805ebe158e",
                "sha256:61a6cf00dcb1a7f0c773ed4acc509cb636af2d6337a08f362413c76b2b47a8dd",	                "sha256:8559b94b823f85342e10d3d9ca4ba5478168e1ac5658a8a2f18c991ba9c52c20",
                "sha256:6ae6c4cb59f199d8827c5a07546b2ab7e85d262acaccaacd49b62f53f7c456f7",	                "sha256:a262c7dfb046f00e12a2bdd1bafaed2408114a89ac414b0af8755c696eb3fc16",
                "sha256:7661d401d60d8bf15bb5da39e4dd72f5d764c5aff5a86ef52a042506e3e970ff",	                "sha256:acce4e3267610c4fdb6632b3886fe3f2f7dd641158a843cf6b6a68e4ce81477b",
                "sha256:7bd527f36a605c914efca5d3d014170b2cb184723e423d26b1fb2fd9108e264d",	                "sha256:be089bb6b83fac7f29d357b2dc4cf2b8eb8d98fe9d9ff89f9ea6012970a853c7",
                "sha256:7cb54db3535c8686ea12e9535eb087d32421184eacc6939ef15ef50f83a5e7e2",	                "sha256:bfab710d859c779f273cc48fb86af38d6e9210f38287df0069a63e40b45a2f5c",
                "sha256:7f3a2d740291f7f2c111d86a1c4851b70fb000a6c8883a59660d95ad57b9df35",	                "sha256:c10d29019927301d524a22ced72706380de7cfc50f767217485a912b4c8bd82a",
                "sha256:81304b7d8e9c824d058087dcb89144842c8e0dea6d281c031f59f0acf66963d4",	                "sha256:dd6e2b598849b3d7aee2295ac765a578879830fb8966f70be8cd472e6069932e",
                "sha256:933947e8b4fbe617a51528b09851685138b49d511af0b6c0da2539115d6d4514",	                "sha256:e408f1eacc0a68fed0c08da45f31d0ebb38079f043328dce69ff133b95c29dc1"
                "sha256:94223d7f060301b3a8c09c9b3bc3294b56b2188e7d8179c762a1cda72c979252",	            ],
                "sha256:ab3ca49afcb47058393b0122428358d2fbe0408cf99f1b58b295cfeb4ed39109",	            "version": "==1.4.1"
                "sha256:bd6292f565ca46dee4e737ebcc20742e3b5be2b01556dafe169f6c65d088875f",	
                "sha256:cb924aa3e4a3fb644d0c463cad5bc2572649a6a3f68a7f8e4fbe44aaa6d77e4c",	
                "sha256:d0fc7a286feac9077ec52a927fc9fe8fe2fabab95426722be4c953c9a8bede92",	
                "sha256:ddc34786490a6e4ec0a855d401034cbd1242ef186c20d79d2166d6a4bd449577",	
                "sha256:e34b155e36fa9da7e1b7c738ed7767fc9491a62ec6af70fe9da4a057759edc2d",	
                "sha256:e5b9e8f6bda48460b7b143c3821b21b452cb3a835e6bbd5dd33aa0c8d3f5137d",	
                "sha256:e81ebf6c5ee9684be8f2c87563880f93eedd56dd2b6146d8a725b50b7e5adb0f",	
                "sha256:eb91be369f945f10d3a49f5f9be8b3d0b93a4c2be8f8a5b83b0571b8123e0a7a",	
                "sha256:f460d1ceb0e4a5dcb2a652db0904224f367c9b3c1470d5a7683c0480e582468b"	
            ],	
            "version": "==1.3.1"	
        },	        },
        "mccabe": {	        "mccabe": {
            "hashes": [	            "hashes": [
@@ -274,11 +265,11 @@
        },	        },
        "pylint": {	        "pylint": {
            "hashes": [	            "hashes": [
                "sha256:689de29ae747642ab230c6d37be2b969bf75663176658851f456619aacf27492",	                "sha256:5d77031694a5fb97ea95e828c8d10fc770a1df6eb3906067aaed42201a8a6a09",
                "sha256:771467c434d0d9f081741fec1d64dfb011ed26e65e12a28fe06ca2f61c4d556c"	                "sha256:723e3db49555abaf9bf79dc474c6b9e2935ad82230b10c1138a71ea41ac0fff1"
            ],	            ],
            "index": "pypi",	            "index": "pypi",
            "version": "==2.2.2"	            "version": "==2.3.1"
        },	        },
        "pyserial": {	        "pyserial": {
            "hashes": [	            "hashes": [
@@ -295,19 +286,40 @@
            ],	            ],
            "version": "==1.12.0"	            "version": "==1.12.0"
        },	        },
        "typed-ast": {
            "hashes": [
                "sha256:18511a0b3e7922276346bcb47e2ef9f38fb90fd31cb9223eed42c85d1312344e",
                "sha256:262c247a82d005e43b5b7f69aff746370538e176131c32dda9cb0f324d27141e",
                "sha256:2b907eb046d049bcd9892e3076c7a6456c93a25bebfe554e931620c90e6a25b0",
                "sha256:354c16e5babd09f5cb0ee000d54cfa38401d8b8891eefa878ac772f827181a3c",
                "sha256:4e0b70c6fc4d010f8107726af5fd37921b666f5b31d9331f0bd24ad9a088e631",
                "sha256:630968c5cdee51a11c05a30453f8cd65e0cc1d2ad0d9192819df9978984529f4",
                "sha256:66480f95b8167c9c5c5c87f32cf437d585937970f3fc24386f313a4c97b44e34",
                "sha256:71211d26ffd12d63a83e079ff258ac9d56a1376a25bc80b1cdcdf601b855b90b",
                "sha256:95bd11af7eafc16e829af2d3df510cecfd4387f6453355188342c3e79a2ec87a",
                "sha256:bc6c7d3fa1325a0c6613512a093bc2a2a15aeec350451cbdf9e1d4bffe3e3233",
                "sha256:cc34a6f5b426748a507dd5d1de4c1978f2eb5626d51326e43280941206c209e1",
                "sha256:d755f03c1e4a51e9b24d899561fec4ccaf51f210d52abdf8c07ee2849b212a36",
                "sha256:d7c45933b1bdfaf9f36c579671fec15d25b06c8398f113dab64c18ed1adda01d",
                "sha256:d896919306dd0aa22d0132f62a1b78d11aaf4c9fc5b3410d3c666b818191630a",
                "sha256:ffde2fbfad571af120fcbfbbc61c72469e72f550d676c3342492a9dfdefb8f12"
            ],
            "markers": "implementation_name == 'cpython'",
            "version": "==1.4.0"
        },
        "websocket-client": {	        "websocket-client": {
            "hashes": [	            "hashes": [
                "sha256:8c8bf2d4f800c3ed952df206b18c28f7070d9e3dcbd6ca6291127574f57ee786",	                "sha256:1151d5fb3a62dc129164292e1227655e4bbc5dd5340a5165dfae61128ec50aa9",
                "sha256:e51562c91ddb8148e791f0155fdb01325d99bb52c4cdbb291aee7a3563fd0849"	                "sha256:1fd5520878b68b84b5748bb30e592b10d0a91529d5383f74f4964e72b297fd3a"
            ],	            ],
            "index": "pypi",	            "index": "pypi",
            "version": "==0.54.0"	            "version": "==0.56.0"
        },	        },
        "wrapt": {	        "wrapt": {
            "hashes": [	            "hashes": [
                "sha256:d4d560d479f2c21e1b5443bbd15fe7ec4b37fe7e53d335d3b9b0a7b1226fe3c6"	                "sha256:565a021fd19419476b9362b05eeaa094178de64f8361e44468f9e9d7843901e1"
            ],	            ],
            "version": "==1.10.11"	            "version": "==1.11.2"
        }	        }
    }	    }
}	}
 28  requirements.txt 
@@ -1,23 +1,23 @@
-i https://pypi.org/simple	-i https://pypi.org/simple
backports.functools-lru-cache==1.5	backports.functools-lru-cache==1.5
certifi==2018.11.29	certifi==2019.6.16
chardet==3.0.4	chardet==3.0.4
cheroot==6.5.2	cheroot==6.5.6
cherrypy==18.1.0	cherrypy==18.1.2
coloredlogs==10.0	coloredlogs==10.0
humanfriendly==4.17	humanfriendly==4.18
idna==2.8	idna==2.8
jaraco.functools==1.20	jaraco.functools==2.0
more-itertools==4.3.0	more-itertools==7.2.0
pocketsphinx==0.1.15	pocketsphinx==0.1.15
portend==2.3	portend==2.5
pyaudio==0.2.11	pyaudio==0.2.11
python-vlc==3.0.4106	python-vlc==3.0.7110
pytz==2018.7	pytz==2019.2
pyyaml==3.13	pyyaml==5.1.2
requests==2.21.0	requests==2.22.0
six==1.12.0	six==1.12.0
tempora==1.14	tempora==1.14.1
urllib3==1.24.1	urllib3==1.25.3
webrtcvad==2.0.10	webrtcvad==2.0.10
zc.lockfile==1.4	zc.lockfile==2.0
